
Microsoft Visual Studio Solution File, Format Version 12.00
# Visual Studio Version 17
VisualStudioVersion = 17.0.31903.59
MinimumVisualStudioVersion = 10.0.40219.1
Project("{2150E333-8FDC-42A3-9474-1A3956D46DE8}") = "src", "src", "{827E0CD3-B72D-47B6-A68D-7590B98EB39B}"
EndProject
Project("{FAE04EC0-301F-11D3-BF4B-00C04F79EFBC}") = "StorePos.Domain", "src\StorePos.Domain\StorePos.Domain.csproj", "{0CFC81CA-AF1A-419A-91A7-F8E0B7971FE3}"
EndProject
Project("{FAE04EC0-301F-11D3-BF4B-00C04F79EFBC}") = "StorePos.Application", "src\StorePos.Application\StorePos.Application.csproj", "{0C760DA7-D03A-4114-8DD9-0A64504110DD}"
EndProject
Project("{FAE04EC0-301F-11D3-BF4B-00C04F79EFBC}") = "StorePos.Infrastructure", "src\StorePos.Infrastructure\StorePos.Infrastructure.csproj", "{2EFA4EC2-2488-4D76-A8CF-69F562EDF3EC}"
EndProject
Project("{FAE04EC0-301F-11D3-BF4B-00C04F79EFBC}") = "StorePos.Api", "src\StorePos.Api\StorePos.Api.csproj", "{924FC49E-F4B9-4AA1-B3D7-24E46414124A}"
EndProject
Project("{FAE04EC0-301F-11D3-BF4B-00C04F79EFBC}") = "StorePos.Desktop", "src\StorePos.Desktop\StorePos.Desktop.csproj", "{792EFB0C-0026-40D1-922E-06017FC74BA1}"
EndProject
Project("{2150E333-8FDC-42A3-9474-1A3956D46DE8}") = "tests", "tests", "{0AB3BF05-4346-4AA6-1389-037BE0695223}"
EndProject
Project("{FAE04EC0-301F-11D3-BF4B-00C04F79EFBC}") = "StorePos.Domain.Tests", "tests\StorePos.Domain.Tests\StorePos.Domain.Tests.csproj", "{17325B16-4866-4275-9CD5-C26981BC059D}"
EndProject
Project("{FAE04EC0-301F-11D3-BF4B-00C04F79EFBC}") = "StorePos.Application.Tests", "tests\StorePos.Application.Tests\StorePos.Application.Tests.csproj", "{9C90A1CA-6F61-49B3-B84F-24C53A2EC4DF}"
EndProject
Project("{FAE04EC0-301F-11D3-BF4B-00C04F79EFBC}") = "StorePos.IntegrationTests", "tests\StorePos.IntegrationTests\StorePos.IntegrationTests.csproj", "{3082A7C0-1D89-4D7B-A0D4-2C32FC41F443}"
EndProject
Project("{FAE04EC0-301F-11D3-BF4B-00C04F79EFBC}") = "StorePos.Desktop.Tests", "tests\StorePos.Desktop.Tests\StorePos.Desktop.Tests.csproj", "{57B2034F-6C60-45A6-B307-413420F672B5}"
EndProject
Project("{FAE04EC0-301F-11D3-BF4B-00C04F79EFBC}") = "StorePos.Persistence", "src\StorePos.Persistence\StorePos.Persistence.csproj", "{94C1C117-2DD1-4807-8AF4-631C4C92B8FF}"
EndProject
Global
	GlobalSection(SolutionConfigurationPlatforms) = preSolution
		Debug|Any CPU = Debug|Any CPU
		Debug|x64 = Debug|x64
		Debug|x86 = Debug|x86
		Release|Any CPU = Release|Any CPU
		Release|x64 = Release|x64
		Release|x86 = Release|x86
	EndGlobalSection
	GlobalSection(ProjectConfigurationPlatforms) = postSolution
		{0CFC81CA-AF1A-419A-91A7-F8E0B7971FE3}.Debug|Any CPU.ActiveCfg = Debug|Any CPU
		{0CFC81CA-AF1A-419A-91A7-F8E0B7971FE3}.Debug|Any CPU.Build.0 = Debug|Any CPU
		{0CFC81CA-AF1A-419A-91A7-F8E0B7971FE3}.Debug|x64.ActiveCfg = Debug|Any CPU
		{0CFC81CA-AF1A-419A-91A7-F8E0B7971FE3}.Debug|x64.Build.0 = Debug|Any CPU
		{0CFC81CA-AF1A-419A-91A7-F8E0B7971FE3}.Debug|x86.ActiveCfg = Debug|Any CPU
		{0CFC81CA-AF1A-419A-91A7-F8E0B7971FE3}.Debug|x86.Build.0 = Debug|Any CPU
		{0CFC81CA-AF1A-419A-91A7-F8E0B7971FE3}.Release|Any CPU.ActiveCfg = Release|Any CPU
		{0CFC81CA-AF1A-419A-91A7-F8E0B7971FE3}.Release|Any CPU.Build.0 = Release|Any CPU
		{0CFC81CA-AF1A-419A-91A7-F8E0B7971FE3}.Release|x64.ActiveCfg = Release|Any CPU
		{0CFC81CA-AF1A-419A-91A7-F8E0B7971FE3}.Release|x64.Build.0 = Release|Any CPU
		{0CFC81CA-AF1A-419A-91A7-F8E0B7971FE3}.Release|x86.ActiveCfg = Release|Any CPU
		{0CFC81CA-AF1A-419A-91A7-F8E0B7971FE3}.Release|x86.Build.0 = Release|Any CPU
		{0C760DA7-D03A-4114-8DD9-0A64504110DD}.Debug|Any CPU.ActiveCfg = Debug|Any CPU
		{0C760DA7-D03A-4114-8DD9-0A64504110DD}.Debug|Any CPU.Build.0 = Debug|Any CPU
		{0C760DA7-D03A-4114-8DD9-0A64504110DD}.Debug|x64.ActiveCfg = Debug|Any CPU
		{0C760DA7-D03A-4114-8DD9-0A64504110DD}.Debug|x64.Build.0 = Debug|Any CPU
		{0C760DA7-D03A-4114-8DD9-0A64504110DD}.Debug|x86.ActiveCfg = Debug|Any CPU
		{0C760DA7-D03A-4114-8DD9-0A64504110DD}.Debug|x86.Build.0 = Debug|Any CPU
		{0C760DA7-D03A-4114-8DD9-0A64504110DD}.Release|Any CPU.ActiveCfg = Release|Any CPU
		{0C760DA7-D03A-4114-8DD9-0A64504110DD}.Release|Any CPU.Build.0 = Release|Any CPU
		{0C760DA7-D03A-4114-8DD9-0A64504110DD}.Release|x64.ActiveCfg = Release|Any CPU
		{0C760DA7-D03A-4114-8DD9-0A64504110DD}.Release|x64.Build.0 = Release|Any CPU
		{0C760DA7-D03A-4114-8DD9-0A64504110DD}.Release|x86.ActiveCfg = Release|Any CPU
		{0C760DA7-D03A-4114-8DD9-0A64504110DD}.Release|x86.Build.0 = Release|Any CPU
		{2EFA4EC2-2488-4D76-A8CF-69F562EDF3EC}.Debug|Any CPU.ActiveCfg = Debug|Any CPU
		{2EFA4EC2-2488-4D76-A8CF-69F562EDF3EC}.Debug|Any CPU.Build.0 = Debug|Any CPU
		{2EFA4EC2-2488-4D76-A8CF-69F562EDF3EC}.Debug|x64.ActiveCfg = Debug|Any CPU
		{2EFA4EC2-2488-4D76-A8CF-69F562EDF3EC}.Debug|x64.Build.0 = Debug|Any CPU
		{2EFA4EC2-2488-4D76-A8CF-69F562EDF3EC}.Debug|x86.ActiveCfg = Debug|Any CPU
		{2EFA4EC2-2488-4D76-A8CF-69F562EDF3EC}.Debug|x86.Build.0 = Debug|Any CPU
		{2EFA4EC2-2488-4D76-A8CF-69F562EDF3EC}.Release|Any CPU.ActiveCfg = Release|Any CPU
		{2EFA4EC2-2488-4D76-A8CF-69F562EDF3EC}.Release|Any CPU.Build.0 = Release|Any CPU
		{2EFA4EC2-2488-4D76-A8CF-69F562EDF3EC}.Release|x64.ActiveCfg = Release|Any CPU
		{2EFA4EC2-2488-4D76-A8CF-69F562EDF3EC}.Release|x64.Build.0 = Release|Any CPU
		{2EFA4EC2-2488-4D76-A8CF-69F562EDF3EC}.Release|x86.ActiveCfg = Release|Any CPU
		{2EFA4EC2-2488-4D76-A8CF-69F562EDF3EC}.Release|x86.Build.0 = Release|Any CPU
		{924FC49E-F4B9-4AA1-B3D7-24E46414124A}.Debug|Any CPU.ActiveCfg = Debug|Any CPU
		{924FC49E-F4B9-4AA1-B3D7-24E46414124A}.Debug|Any CPU.Build.0 = Debug|Any CPU
		{924FC49E-F4B9-4AA1-B3D7-24E46414124A}.Debug|x64.ActiveCfg = Debug|Any CPU
		{924FC49E-F4B9-4AA1-B3D7-24E46414124A}.Debug|x64.Build.0 = Debug|Any CPU
		{924FC49E-F4B9-4AA1-B3D7-24E46414124A}.Debug|x86.ActiveCfg = Debug|Any CPU
		{924FC49E-F4B9-4AA1-B3D7-24E46414124A}.Debug|x86.Build.0 = Debug|Any CPU
		{924FC49E-F4B9-4AA1-B3D7-24E46414124A}.Release|Any CPU.ActiveCfg = Release|Any CPU
		{924FC49E-F4B9-4AA1-B3D7-24E46414124A}.Release|Any CPU.Build.0 = Release|Any CPU
		{924FC49E-F4B9-4AA1-B3D7-24E46414124A}.Release|x64.ActiveCfg = Release|Any CPU
		{924FC49E-F4B9-4AA1-B3D7-24E46414124A}.Release|x64.Build.0 = Release|Any CPU
		{924FC49E-F4B9-4AA1-B3D7-24E46414124A}.Release|x86.ActiveCfg = Release|Any CPU
		{924FC49E-F4B9-4AA1-B3D7-24E46414124A}.Release|x86.Build.0 = Release|Any CPU
		{792EFB0C-0026-40D1-922E-06017FC74BA1}.Debug|Any CPU.ActiveCfg = Debug|Any CPU
		{792EFB0C-0026-40D1-922E-06017FC74BA1}.Debug|Any CPU.Build.0 = Debug|Any CPU
		{792EFB0C-0026-40D1-922E-06017FC74BA1}.Debug|x64.ActiveCfg = Debug|Any CPU
		{792EFB0C-0026-40D1-922E-06017FC74BA1}.Debug|x64.Build.0 = Debug|Any CPU
		{792EFB0C-0026-40D1-922E-06017FC74BA1}.Debug|x86.ActiveCfg = Debug|Any CPU
		{792EFB0C-0026-40D1-922E-06017FC74BA1}.Debug|x86.Build.0 = Debug|Any CPU
		{792EFB0C-0026-40D1-922E-06017FC74BA1}.Release|Any CPU.ActiveCfg = Release|Any CPU
		{792EFB0C-0026-40D1-922E-06017FC74BA1}.Release|Any CPU.Build.0 = Release|Any CPU
		{792EFB0C-0026-40D1-922E-06017FC74BA1}.Release|x64.ActiveCfg = Release|Any CPU
		{792EFB0C-0026-40D1-922E-06017FC74BA1}.Release|x64.Build.0 = Release|Any CPU
		{792EFB0C-0026-40D1-922E-06017FC74BA1}.Release|x86.ActiveCfg = Release|Any CPU
		{792EFB0C-0026-40D1-922E-06017FC74BA1}.Release|x86.Build.0 = Release|Any CPU
		{17325B16-4866-4275-9CD5-C26981BC059D}.Debug|Any CPU.ActiveCfg = Debug|Any CPU
		{17325B16-4866-4275-9CD5-C26981BC059D}.Debug|Any CPU.Build.0 = Debug|Any CPU
		{17325B16-4866-4275-9CD5-C26981BC059D}.Debug|x64.ActiveCfg = Debug|Any CPU
		{17325B16-4866-4275-9CD5-C26981BC059D}.Debug|x64.Build.0 = Debug|Any CPU
		{17325B16-4866-4275-9CD5-C26981BC059D}.Debug|x86.ActiveCfg = Debug|Any CPU
		{17325B16-4866-4275-9CD5-C26981BC059D}.Debug|x86.Build.0 = Debug|Any CPU
		{17325B16-4866-4275-9CD5-C26981BC059D}.Release|Any CPU.ActiveCfg = Release|Any CPU
		{17325B16-4866-4275-9CD5-C26981BC059D}.Release|Any CPU.Build.0 = Release|Any CPU
		{17325B16-4866-4275-9CD5-C26981BC059D}.Release|x64.ActiveCfg = Release|Any CPU
		{17325B16-4866-4275-9CD5-C26981BC059D}.Release|x64.Build.0 = Release|Any CPU
		{17325B16-4866-4275-9CD5-C26981BC059D}.Release|x86.ActiveCfg = Release|Any CPU
		{17325B16-4866-4275-9CD5-C26981BC059D}.Release|x86.Build.0 = Release|Any CPU
		{9C90A1CA-6F61-49B3-B84F-24C53A2EC4DF}.Debug|Any CPU.ActiveCfg = Debug|Any CPU
		{9C90A1CA-6F61-49B3-B84F-24C53A2EC4DF}.Debug|Any CPU.Build.0 = Debug|Any CPU
		{9C90A1CA-6F61-49B3-B84F-24C53A2EC4DF}.Debug|x64.ActiveCfg = Debug|Any CPU
		{9C90A1CA-6F61-49B3-B84F-24C53A2EC4DF}.Debug|x64.Build.0 = Debug|Any CPU
		{9C90A1CA-6F61-49B3-B84F-24C53A2EC4DF}.Debug|x86.ActiveCfg = Debug|Any CPU
		{9C90A1CA-6F61-49B3-B84F-24C53A2EC4DF}.Debug|x86.Build.0 = Debug|Any CPU
		{9C90A1CA-6F61-49B3-B84F-24C53A2EC4DF}.Release|Any CPU.ActiveCfg = Release|Any CPU
		{9C90A1CA-6F61-49B3-B84F-24C53A2EC4DF}.Release|Any CPU.Build.0 = Release|Any CPU
		{9C90A1CA-6F61-49B3-B84F-24C53A2EC4DF}.Release|x64.ActiveCfg = Release|Any CPU
		{9C90A1CA-6F61-49B3-B84F-24C53A2EC4DF}.Release|x64.Build.0 = Release|Any CPU
		{9C90A1CA-6F61-49B3-B84F-24C53A2EC4DF}.Release|x86.ActiveCfg = Release|Any CPU
		{9C90A1CA-6F61-49B3-B84F-24C53A2EC4DF}.Release|x86.Build.0 = Release|Any CPU
		{3082A7C0-1D89-4D7B-A0D4-2C32FC41F443}.Debug|Any CPU.ActiveCfg = Debug|Any CPU
		{3082A7C0-1D89-4D7B-A0D4-2C32FC41F443}.Debug|Any CPU.Build.0 = Debug|Any CPU
		{3082A7C0-1D89-4D7B-A0D4-2C32FC41F443}.Debug|x64.ActiveCfg = Debug|Any CPU
		{3082A7C0-1D89-4D7B-A0D4-2C32FC41F443}.Debug|x64.Build.0 = Debug|Any CPU
		{3082A7C0-1D89-4D7B-A0D4-2C32FC41F443}.Debug|x86.ActiveCfg = Debug|Any CPU
		{3082A7C0-1D89-4D7B-A0D4-2C32FC41F443}.Debug|x86.Build.0 = Debug|Any CPU
		{3082A7C0-1D89-4D7B-A0D4-2C32FC41F443}.Release|Any CPU.ActiveCfg = Release|Any CPU
		{3082A7C0-1D89-4D7B-A0D4-2C32FC41F443}.Release|Any CPU.Build.0 = Release|Any CPU
		{3082A7C0-1D89-4D7B-A0D4-2C32FC41F443}.Release|x64.ActiveCfg = Release|Any CPU
		{3082A7C0-1D89-4D7B-A0D4-2C32FC41F443}.Release|x64.Build.0 = Release|Any CPU
		{3082A7C0-1D89-4D7B-A0D4-2C32FC41F443}.Release|x86.ActiveCfg = Release|Any CPU
		{3082A7C0-1D89-4D7B-A0D4-2C32FC41F443}.Release|x86.Build.0 = Release|Any CPU
		{57B2034F-6C60-45A6-B307-413420F672B5}.Debug|Any CPU.ActiveCfg = Debug|Any CPU
		{57B2034F-6C60-45A6-B307-413420F672B5}.Debug|Any CPU.Build.0 = Debug|Any CPU
		{57B2034F-6C60-45A6-B307-413420F672B5}.Debug|x64.ActiveCfg = Debug|Any CPU
		{57B2034F-6C60-45A6-B307-413420F672B5}.Debug|x64.Build.0 = Debug|Any CPU
		{57B2034F-6C60-45A6-B307-413420F672B5}.Debug|x86.ActiveCfg = Debug|Any CPU
		{57B2034F-6C60-45A6-B307-413420F672B5}.Debug|x86.Build.0 = Debug|Any CPU
		{57B2034F-6C60-45A6-B307-413420F672B5}.Release|Any CPU.ActiveCfg = Release|Any CPU
		{57B2034F-6C60-45A6-B307-413420F672B5}.Release|Any CPU.Build.0 = Release|Any CPU
		{57B2034F-6C60-45A6-B307-413420F672B5}.Release|x64.ActiveCfg = Release|Any CPU
		{57B2034F-6C60-45A6-B307-413420F672B5}.Release|x64.Build.0 = Release|Any CPU
		{57B2034F-6C60-45A6-B307-413420F672B5}.Release|x86.ActiveCfg = Release|Any CPU
		{57B2034F-6C60-45A6-B307-413420F672B5}.Release|x86.Build.0 = Release|Any CPU
		{94C1C117-2DD1-4807-8AF4-631C4C92B8FF}.Debug|Any CPU.ActiveCfg = Debug|Any CPU
		{94C1C117-2DD1-4807-8AF4-631C4C92B8FF}.Debug|Any CPU.Build.0 = Debug|Any CPU
		{94C1C117-2DD1-4807-8AF4-631C4C92B8FF}.Debug|x64.ActiveCfg = Debug|Any CPU
		{94C1C117-2DD1-4807-8AF4-631C4C92B8FF}.Debug|x64.Build.0 = Debug|Any CPU
		{94C1C117-2DD1-4807-8AF4-631C4C92B8FF}.Debug|x86.ActiveCfg = Debug|Any CPU
		{94C1C117-2DD1-4807-8AF4-631C4C92B8FF}.Debug|x86.Build.0 = Debug|Any CPU
		{94C1C117-2DD1-4807-8AF4-631C4C92B8FF}.Release|Any CPU.ActiveCfg = Release|Any CPU
		{94C1C117-2DD1-4807-8AF4-631C4C92B8FF}.Release|Any CPU.Build.0 = Release|Any CPU
		{94C1C117-2DD1-4807-8AF4-631C4C92B8FF}.Release|x64.ActiveCfg = Release|Any CPU
		{94C1C117-2DD1-4807-8AF4-631C4C92B8FF}.Release|x64.Build.0 = Release|Any CPU
		{94C1C117-2DD1-4807-8AF4-631C4C92B8FF}.Release|x86.ActiveCfg = Release|Any CPU
		{94C1C117-2DD1-4807-8AF4-631C4C92B8FF}.Release|x86.Build.0 = Release|Any CPU
	EndGlobalSection
	GlobalSection(SolutionProperties) = preSolution
		HideSolutionNode = FALSE
	EndGlobalSection
	GlobalSection(NestedProjects) = preSolution
		{0CFC81CA-AF1A-419A-91A7-F8E0B7971FE3} = {827E0CD3-B72D-47B6-A68D-7590B98EB39B}
		{0C760DA7-D03A-4114-8DD9-0A64504110DD} = {827E0CD3-B72D-47B6-A68D-7590B98EB39B}
		{2EFA4EC2-2488-4D76-A8CF-69F562EDF3EC} = {827E0CD3-B72D-47B6-A68D-7590B98EB39B}
		{924FC49E-F4B9-4AA1-B3D7-24E46414124A} = {827E0CD3-B72D-47B6-A68D-7590B98EB39B}
		{792EFB0C-0026-40D1-922E-06017FC74BA1} = {827E0CD3-B72D-47B6-A68D-7590B98EB39B}
		{17325B16-4866-4275-9CD5-C26981BC059D} = {0AB3BF05-4346-4AA6-1389-037BE0695223}
		{9C90A1CA-6F61-49B3-B84F-24C53A2EC4DF} = {0AB3BF05-4346-4AA6-1389-037BE0695223}
		{3082A7C0-1D89-4D7B-A0D4-2C32FC41F443} = {0AB3BF05-4346-4AA6-1389-037BE0695223}
		{57B2034F-6C60-45A6-B307-413420F672B5} = {0AB3BF05-4346-4AA6-1389-037BE0695223}
		{94C1C117-2DD1-4807-8AF4-631C4C92B8FF} = {827E0CD3-B72D-47B6-A68D-7590B98EB39B}
	EndGlobalSection
EndGlobal
